
Microsoft Visual Studio Solution File, Format Version 12.00
# Visual Studio 14
VisualStudioVersion = 14.0.25420.1
MinimumVisualStudioVersion = 10.0.40219.1
Project("{FAE04EC0-301F-11D3-BF4B-00C04F79EFBC}") = "接口模式", "接口模式\接口模式.csproj", "{F0A1E658-8061-48CF-B798-B76808FEAA81}"
EndProject
Project("{FAE04EC0-301F-11D3-BF4B-00C04F79EFBC}") = "纯逻辑模式", "纯逻辑模式\纯逻辑模式.csproj", "{4E7DD860-9A36-464A-A043-36B6FE9E78C3}"
EndProject
Project("{FAE04EC0-301F-11D3-BF4B-00C04F79EFBC}") = "类适配器", "类适配器\类适配器.csproj", "{2E0A9F66-EB89-4A94-8F24-91157D124635}"
EndProject
Project("{FAE04EC0-301F-11D3-BF4B-00C04F79EFBC}") = "对象适配器", "对象适配器\对象适配器.csproj", "{AC4A107E-E680-4B18-A591-E4267D910540}"
EndProject
Project("{FAE04EC0-301F-11D3-BF4B-00C04F79EFBC}") = "适配模式的经典案例--电压", "适配模式的经典案例--电压\适配模式的经典案例--电压.csproj", "{0937C83B-160E-4CEB-8724-B5C1A1D64A9D}"
EndProject
Project("{FAE04EC0-301F-11D3-BF4B-00C04F79EFBC}") = "外观模式", "外观模式\外观模式.csproj", "{937A6F95-0FF4-4DB3-B879-19CAC1B3BD60}"
EndProject
Project("{FAE04EC0-301F-11D3-BF4B-00C04F79EFBC}") = "组合模式", "组合模式\组合模式.csproj", "{93B824DE-B326-4727-B8BA-1523AF42BAA5}"
EndProject
Project("{FAE04EC0-301F-11D3-BF4B-00C04F79EFBC}") = "桥接模式", "桥接模式\桥接模式.csproj", "{C3AAE364-8C02-4A52-B46A-03FEB6AFC39D}"
EndProject
Project("{FAE04EC0-301F-11D3-BF4B-00C04F79EFBC}") = "责任链模式", "责任链模式\责任链模式.csproj", "{8401597F-6C50-4775-A129-B6852D1AFCC2}"
EndProject
Project("{FAE04EC0-301F-11D3-BF4B-00C04F79EFBC}") = "多线程计数", "多线程计数\多线程计数.csproj", "{4EBE6D40-38F2-44B7-ADCE-1A6983F636A4}"
EndProject
Project("{FAE04EC0-301F-11D3-BF4B-00C04F79EFBC}") = "单例模式", "单例模式\单例模式.csproj", "{66D3BFFB-1D70-4E5B-81F4-9642F59C112D}"
EndProject
Project("{FAE04EC0-301F-11D3-BF4B-00C04F79EFBC}") = "降价通知的普通模式", "降价通知的普通模式\降价通知的普通模式.csproj", "{89B89C11-6FC9-4183-AD46-A350C5A9C299}"
EndProject
Project("{FAE04EC0-301F-11D3-BF4B-00C04F79EFBC}") = "降价通知的观察者模式", "降价通知的观察者模式\降价通知的观察者模式.csproj", "{3916A133-FE71-437E-B85A-4651955CF55A}"
EndProject
Project("{FAE04EC0-301F-11D3-BF4B-00C04F79EFBC}") = "公交车的观察者模式", "公交车的观察者模式\公交车的观察者模式.csproj", "{1EB65830-E386-46F3-8E86-09232E969573}"
EndProject
Project("{FAE04EC0-301F-11D3-BF4B-00C04F79EFBC}") = "拳击中介者模式", "拳击中介者模式\拳击中介者模式.csproj", "{F5B2F76B-9895-4D13-8A21-2BF38F728E96}"
EndProject
Project("{FAE04EC0-301F-11D3-BF4B-00C04F79EFBC}") = "拳击非中介者得一般模式", "拳击非中介者得一般模式\拳击非中介者得一般模式.csproj", "{6440D51D-33AF-49EE-82DF-0DC307D04790}"
EndProject
Global
	GlobalSection(SolutionConfigurationPlatforms) = preSolution
		Debug|Any CPU = Debug|Any CPU
		Release|Any CPU = Release|Any CPU
	EndGlobalSection
	GlobalSection(ProjectConfigurationPlatforms) = postSolution
		{F0A1E658-8061-48CF-B798-B76808FEAA81}.Debug|Any CPU.ActiveCfg = Debug|Any CPU
		{F0A1E658-8061-48CF-B798-B76808FEAA81}.Debug|Any CPU.Build.0 = Debug|Any CPU
		{F0A1E658-8061-48CF-B798-B76808FEAA81}.Release|Any CPU.ActiveCfg = Release|Any CPU
		{F0A1E658-8061-48CF-B798-B76808FEAA81}.Release|Any CPU.Build.0 = Release|Any CPU
		{4E7DD860-9A36-464A-A043-36B6FE9E78C3}.Debug|Any CPU.ActiveCfg = Debug|Any CPU
		{4E7DD860-9A36-464A-A043-36B6FE9E78C3}.Debug|Any CPU.Build.0 = Debug|Any CPU
		{4E7DD860-9A36-464A-A043-36B6FE9E78C3}.Release|Any CPU.ActiveCfg = Release|Any CPU
		{4E7DD860-9A36-464A-A043-36B6FE9E78C3}.Release|Any CPU.Build.0 = Release|Any CPU
		{2E0A9F66-EB89-4A94-8F24-91157D124635}.Debug|Any CPU.ActiveCfg = Debug|Any CPU
		{2E0A9F66-EB89-4A94-8F24-91157D124635}.Debug|Any CPU.Build.0 = Debug|Any CPU
		{2E0A9F66-EB89-4A94-8F24-91157D124635}.Release|Any CPU.ActiveCfg = Release|Any CPU
		{2E0A9F66-EB89-4A94-8F24-91157D124635}.Release|Any CPU.Build.0 = Release|Any CPU
		{AC4A107E-E680-4B18-A591-E4267D910540}.Debug|Any CPU.ActiveCfg = Debug|Any CPU
		{AC4A107E-E680-4B18-A591-E4267D910540}.Debug|Any CPU.Build.0 = Debug|Any CPU
		{AC4A107E-E680-4B18-A591-E4267D910540}.Release|Any CPU.ActiveCfg = Release|Any CPU
		{AC4A107E-E680-4B18-A591-E4267D910540}.Release|Any CPU.Build.0 = Release|Any CPU
		{0937C83B-160E-4CEB-8724-B5C1A1D64A9D}.Debug|Any CPU.ActiveCfg = Debug|Any CPU
		{0937C83B-160E-4CEB-8724-B5C1A1D64A9D}.Debug|Any CPU.Build.0 = Debug|Any CPU
		{0937C83B-160E-4CEB-8724-B5C1A1D64A9D}.Release|Any CPU.ActiveCfg = Release|Any CPU
		{0937C83B-160E-4CEB-8724-B5C1A1D64A9D}.Release|Any CPU.Build.0 = Release|Any CPU
		{937A6F95-0FF4-4DB3-B879-19CAC1B3BD60}.Debug|Any CPU.ActiveCfg = Debug|Any CPU
		{937A6F95-0FF4-4DB3-B879-19CAC1B3BD60}.Debug|Any CPU.Build.0 = Debug|Any CPU
		{937A6F95-0FF4-4DB3-B879-19CAC1B3BD60}.Release|Any CPU.ActiveCfg = Release|Any CPU
		{937A6F95-0FF4-4DB3-B879-19CAC1B3BD60}.Release|Any CPU.Build.0 = Release|Any CPU
		{93B824DE-B326-4727-B8BA-1523AF42BAA5}.Debug|Any CPU.ActiveCfg = Debug|Any CPU
		{93B824DE-B326-4727-B8BA-1523AF42BAA5}.Debug|Any CPU.Build.0 = Debug|Any CPU
		{93B824DE-B326-4727-B8BA-1523AF42BAA5}.Release|Any CPU.ActiveCfg = Release|Any CPU
		{93B824DE-B326-4727-B8BA-1523AF42BAA5}.Release|Any CPU.Build.0 = Release|Any CPU
		{C3AAE364-8C02-4A52-B46A-03FEB6AFC39D}.Debug|Any CPU.ActiveCfg = Debug|Any CPU
		{C3AAE364-8C02-4A52-B46A-03FEB6AFC39D}.Debug|Any CPU.Build.0 = Debug|Any CPU
		{C3AAE364-8C02-4A52-B46A-03FEB6AFC39D}.Release|Any CPU.ActiveCfg = Release|Any CPU
		{C3AAE364-8C02-4A52-B46A-03FEB6AFC39D}.Release|Any CPU.Build.0 = Release|Any CPU
		{8401597F-6C50-4775-A129-B6852D1AFCC2}.Debug|Any CPU.ActiveCfg = Debug|Any CPU
		{8401597F-6C50-4775-A129-B6852D1AFCC2}.Debug|Any CPU.Build.0 = Debug|Any CPU
		{8401597F-6C50-4775-A129-B6852D1AFCC2}.Release|Any CPU.ActiveCfg = Release|Any CPU
		{8401597F-6C50-4775-A129-B6852D1AFCC2}.Release|Any CPU.Build.0 = Release|Any CPU
		{4EBE6D40-38F2-44B7-ADCE-1A6983F636A4}.Debug|Any CPU.ActiveCfg = Debug|Any CPU
		{4EBE6D40-38F2-44B7-ADCE-1A6983F636A4}.Debug|Any CPU.Build.0 = Debug|Any CPU
		{4EBE6D40-38F2-44B7-ADCE-1A6983F636A4}.Release|Any CPU.ActiveCfg = Release|Any CPU
		{4EBE6D40-38F2-44B7-ADCE-1A6983F636A4}.Release|Any CPU.Build.0 = Release|Any CPU
		{66D3BFFB-1D70-4E5B-81F4-9642F59C112D}.Debug|Any CPU.ActiveCfg = Debug|Any CPU
		{66D3BFFB-1D70-4E5B-81F4-9642F59C112D}.Debug|Any CPU.Build.0 = Debug|Any CPU
		{66D3BFFB-1D70-4E5B-81F4-9642F59C112D}.Release|Any CPU.ActiveCfg = Release|Any CPU
		{66D3BFFB-1D70-4E5B-81F4-9642F59C112D}.Release|Any CPU.Build.0 = Release|Any CPU
		{89B89C11-6FC9-4183-AD46-A350C5A9C299}.Debug|Any CPU.ActiveCfg = Debug|Any CPU
		{89B89C11-6FC9-4183-AD46-A350C5A9C299}.Debug|Any CPU.Build.0 = Debug|Any CPU
		{89B89C11-6FC9-4183-AD46-A350C5A9C299}.Release|Any CPU.ActiveCfg = Release|Any CPU
		{89B89C11-6FC9-4183-AD46-A350C5A9C299}.Release|Any CPU.Build.0 = Release|Any CPU
		{3916A133-FE71-437E-B85A-4651955CF55A}.Debug|Any CPU.ActiveCfg = Debug|Any CPU
		{3916A133-FE71-437E-B85A-4651955CF55A}.Debug|Any CPU.Build.0 = Debug|Any CPU
		{3916A133-FE71-437E-B85A-4651955CF55A}.Release|Any CPU.ActiveCfg = Release|Any CPU
		{3916A133-FE71-437E-B85A-4651955CF55A}.Release|Any CPU.Build.0 = Release|Any CPU
		{1EB65830-E386-46F3-8E86-09232E969573}.Debug|Any CPU.ActiveCfg = Debug|Any CPU
		{1EB65830-E386-46F3-8E86-09232E969573}.Debug|Any CPU.Build.0 = Debug|Any CPU
		{1EB65830-E386-46F3-8E86-09232E969573}.Release|Any CPU.ActiveCfg = Release|Any CPU
		{1EB65830-E386-46F3-8E86-09232E969573}.Release|Any CPU.Build.0 = Release|Any CPU
		{F5B2F76B-9895-4D13-8A21-2BF38F728E96}.Debug|Any CPU.ActiveCfg = Debug|Any CPU
		{F5B2F76B-9895-4D13-8A21-2BF38F728E96}.Debug|Any CPU.Build.0 = Debug|Any CPU
		{F5B2F76B-9895-4D13-8A21-2BF38F728E96}.Release|Any CPU.ActiveCfg = Release|Any CPU
		{F5B2F76B-9895-4D13-8A21-2BF38F728E96}.Release|Any CPU.Build.0 = Release|Any CPU
		{6440D51D-33AF-49EE-82DF-0DC307D04790}.Debug|Any CPU.ActiveCfg = Debug|Any CPU
		{6440D51D-33AF-49EE-82DF-0DC307D04790}.Debug|Any CPU.Build.0 = Debug|Any CPU
		{6440D51D-33AF-49EE-82DF-0DC307D04790}.Release|Any CPU.ActiveCfg = Release|Any CPU
		{6440D51D-33AF-49EE-82DF-0DC307D04790}.Release|Any CPU.Build.0 = Release|Any CPU
	EndGlobalSection
	GlobalSection(SolutionProperties) = preSolution
		HideSolutionNode = FALSE
	EndGlobalSection
EndGlobal
